// !$*UTF8*$!
{
	archiveVersion = 1;
	classes = {
	};
	objectVersion = 48;
	objects = {

/* Begin PBXBuildFile section */
		250A911C1F987EA5008C4839 /* MapKit.framework in Frameworks */ = {isa = PBXBuildFile; fileRef = 250A911B1F987EA5008C4839 /* MapKit.framework */; };
		250A911E1F9886CA008C4839 /* MapViewController.swift in Sources */ = {isa = PBXBuildFile; fileRef = 250A911D1F9886CA008C4839 /* MapViewController.swift */; };
		257764921F97498500AD9C6D /* ConversionViewController.swift in Sources */ = {isa = PBXBuildFile; fileRef = 257764911F97498500AD9C6D /* ConversionViewController.swift */; };
		2577AEA01FA3167E00E3A555 /* WebViewController.swift in Sources */ = {isa = PBXBuildFile; fileRef = 2577AE9F1FA3167E00E3A555 /* WebViewController.swift */; };
		259CADD71FA310E200F21802 /* WebKit.framework in Frameworks */ = {isa = PBXBuildFile; fileRef = 259CADD61FA310E200F21802 /* WebKit.framework */; };
		5F77BAEB1F921A05008460BA /* AppDelegate.swift in Sources */ = {isa = PBXBuildFile; fileRef = 5F77BAEA1F921A05008460BA /* AppDelegate.swift */; };
		5F77BAF01F921A05008460BA /* Main.storyboard in Resources */ = {isa = PBXBuildFile; fileRef = 5F77BAEE1F921A05008460BA /* Main.storyboard */; };
		5F77BAF21F921A05008460BA /* Assets.xcassets in Resources */ = {isa = PBXBuildFile; fileRef = 5F77BAF11F921A05008460BA /* Assets.xcassets */; };
		5F77BAF51F921A05008460BA /* LaunchScreen.storyboard in Resources */ = {isa = PBXBuildFile; fileRef = 5F77BAF31F921A05008460BA /* LaunchScreen.storyboard */; };
		5F77BB001F921A05008460BA /* WorldTrotterTests.swift in Sources */ = {isa = PBXBuildFile; fileRef = 5F77BAFF1F921A05008460BA /* WorldTrotterTests.swift */; };
		5F77BB0B1F921A05008460BA /* WorldTrotterUITests.swift in Sources */ = {isa = PBXBuildFile; fileRef = 5F77BB0A1F921A05008460BA /* WorldTrotterUITests.swift */; };
/* End PBXBuildFile section */

/* Begin PBXContainerItemProxy section */
		5F77BAFC1F921A05008460BA /* PBXContainerItemProxy */ = {
			isa = PBXContainerItemProxy;
			containerPortal = 5F77BADF1F921A05008460BA /* Project object */;
			proxyType = 1;
			remoteGlobalIDString = 5F77BAE61F921A05008460BA;
			remoteInfo = WorldTrotter;
		};
		5F77BB071F921A05008460BA /* PBXContainerItemProxy */ = {
			isa = PBXContainerItemProxy;
			containerPortal = 5F77BADF1F921A05008460BA /* Project object */;
			proxyType = 1;
			remoteGlobalIDString = 5F77BAE61F921A05008460BA;
			remoteInfo = WorldTrotter;
		};
/* End PBXContainerItemProxy section */

/* Begin PBXFileReference section */
		250A911B1F987EA5008C4839 /* MapKit.framework */ = {isa = PBXFileReference; lastKnownFileType = wrapper.framework; name = MapKit.framework; path = System/Library/Frameworks/MapKit.framework; sourceTree = SDKROOT; };
		250A911D1F9886CA008C4839 /* MapViewController.swift */ = {isa = PBXFileReference; lastKnownFileType = sourcecode.swift; path = MapViewController.swift; sourceTree = "<group>"; };
		257764911F97498500AD9C6D /* ConversionViewController.swift */ = {isa = PBXFileReference; lastKnownFileType = sourcecode.swift; path = ConversionViewController.swift; sourceTree = "<group>"; };
		2577AE9F1FA3167E00E3A555 /* WebViewController.swift */ = {isa = PBXFileReference; lastKnownFileType = sourcecode.swift; path = WebViewController.swift; sourceTree = "<group>"; };
		259CADD61FA310E200F21802 /* WebKit.framework */ = {isa = PBXFileReference; lastKnownFileType = wrapper.framework; name = WebKit.framework; path = System/Library/Frameworks/WebKit.framework; sourceTree = SDKROOT; };
		5F77BAE71F921A05008460BA /* WorldTrotter.app */ = {isa = PBXFileReference; explicitFileType = wrapper.application; includeInIndex = 0; path = WorldTrotter.app; sourceTree = BUILT_PRODUCTS_DIR; };
		5F77BAEA1F921A05008460BA /* AppDelegate.swift */ = {isa = PBXFileReference; lastKnownFileType = sourcecode.swift; path = AppDelegate.swift; sourceTree = "<group>"; };
		5F77BAEF1F921A05008460BA /* Base */ = {isa = PBXFileReference; lastKnownFileType = file.storyboard; name = Base; path = Base.lproj/Main.storyboard; sourceTree = "<group>"; };
		5F77BAF11F921A05008460BA /* Assets.xcassets */ = {isa = PBXFileReference; lastKnownFileType = folder.assetcatalog; path = Assets.xcassets; sourceTree = "<group>"; };
		5F77BAF41F921A05008460BA /* Base */ = {isa = PBXFileReference; lastKnownFileType = file.storyboard; name = Base; path = Base.lproj/LaunchScreen.storyboard; sourceTree = "<group>"; };
		5F77BAF61F921A05008460BA /* Info.plist */ = {isa = PBXFileReference; lastKnownFileType = text.plist.xml; path = Info.plist; sourceTree = "<group>"; };
		5F77BAFB1F921A05008460BA /* WorldTrotterTests.xctest */ = {isa = PBXFileReference; explicitFileType = wrapper.cfbundle; includeInIndex = 0; path = WorldTrotterTests.xctest; sourceTree = BUILT_PRODUCTS_DIR; };
		5F77BAFF1F921A05008460BA /* WorldTrotterTests.swift */ = {isa = PBXFileReference; lastKnownFileType = sourcecode.swift; path = WorldTrotterTests.swift; sourceTree = "<group>"; };
		5F77BB011F921A05008460BA /* Info.plist */ = {isa = PBXFileReference; lastKnownFileType = text.plist.xml; path = Info.plist; sourceTree = "<group>"; };
		5F77BB061F921A05008460BA /* WorldTrotterUITests.xctest */ = {isa = PBXFileReference; explicitFileType = wrapper.cfbundle; includeInIndex = 0; path = WorldTrotterUITests.xctest; sourceTree = BUILT_PRODUCTS_DIR; };
		5F77BB0A1F921A05008460BA /* WorldTrotterUITests.swift */ = {isa = PBXFileReference; lastKnownFileType = sourcecode.swift; path = WorldTrotterUITests.swift; sourceTree = "<group>"; };
		5F77BB0C1F921A05008460BA /* Info.plist */ = {isa = PBXFileReference; lastKnownFileType = text.plist.xml; path = Info.plist; sourceTree = "<group>"; };
/* End PBXFileReference section */

/* Begin PBXFrameworksBuildPhase section */
		5F77BAE41F921A05008460BA /* Frameworks */ = {
			isa = PBXFrameworksBuildPhase;
			buildActionMask = 2147483647;
			files = (
				259CADD71FA310E200F21802 /* WebKit.framework in Frameworks */,
				250A911C1F987EA5008C4839 /* MapKit.framework in Frameworks */,
			);
			runOnlyForDeploymentPostprocessing = 0;
		};
		5F77BAF81F921A05008460BA /* Frameworks */ = {
			isa = PBXFrameworksBuildPhase;
			buildActionMask = 2147483647;
			files = (
			);
			runOnlyForDeploymentPostprocessing = 0;
		};
		5F77BB031F921A05008460BA /* Frameworks */ = {
			isa = PBXFrameworksBuildPhase;
			buildActionMask = 2147483647;
			files = (
			);
			runOnlyForDeploymentPostprocessing = 0;
		};
/* End PBXFrameworksBuildPhase section */

/* Begin PBXGroup section */
		250A911A1F987EA5008C4839 /* Frameworks */ = {
			isa = PBXGroup;
			children = (
				259CADD61FA310E200F21802 /* WebKit.framework */,
				250A911B1F987EA5008C4839 /* MapKit.framework */,
			);
			name = Frameworks;
			sourceTree = "<group>";
		};
		5F77BADE1F921A05008460BA = {
			isa = PBXGroup;
			children = (
				5F77BAE91F921A05008460BA /* WorldTrotter */,
				5F77BAFE1F921A05008460BA /* WorldTrotterTests */,
				5F77BB091F921A05008460BA /* WorldTrotterUITests */,
				5F77BAE81F921A05008460BA /* Products */,
				250A911A1F987EA5008C4839 /* Frameworks */,
			);
			sourceTree = "<group>";
		};
		5F77BAE81F921A05008460BA /* Products */ = {
			isa = PBXGroup;
			children = (
				5F77BAE71F921A05008460BA /* WorldTrotter.app */,
				5F77BAFB1F921A05008460BA /* WorldTrotterTests.xctest */,
				5F77BB061F921A05008460BA /* WorldTrotterUITests.xctest */,
			);
			name = Products;
			sourceTree = "<group>";
		};
		5F77BAE91F921A05008460BA /* WorldTrotter */ = {
			isa = PBXGroup;
			children = (
				5F77BAEA1F921A05008460BA /* AppDelegate.swift */,
				257764911F97498500AD9C6D /* ConversionViewController.swift */,
				250A911D1F9886CA008C4839 /* MapViewController.swift */,
				2577AE9F1FA3167E00E3A555 /* WebViewController.swift */,
				5F77BAEE1F921A05008460BA /* Main.storyboard */,
				5F77BAF11F921A05008460BA /* Assets.xcassets */,
				5F77BAF31F921A05008460BA /* LaunchScreen.storyboard */,
				5F77BAF61F921A05008460BA /* Info.plist */,
			);
			path = WorldTrotter;
			sourceTree = "<group>";
		};
		5F77BAFE1F921A05008460BA /* WorldTrotterTests */ = {
			isa = PBXGroup;
			children = (
				5F77BAFF1F921A05008460BA /* WorldTrotterTests.swift */,
				5F77BB011F921A05008460BA /* Info.plist */,
			);
			path = WorldTrotterTests;
			sourceTree = "<group>";
		};
		5F77BB091F921A05008460BA /* WorldTrotterUITests */ = {
			isa = PBXGroup;
			children = (
				5F77BB0A1F921A05008460BA /* WorldTrotterUITests.swift */,
				5F77BB0C1F921A05008460BA /* Info.plist */,
			);
			path = WorldTrotterUITests;
			sourceTree = "<group>";
		};
/* End PBXGroup section */

/* Begin PBXNativeTarget section */
		5F77BAE61F921A05008460BA /* WorldTrotter */ = {
			isa = PBXNativeTarget;
			buildConfigurationList = 5F77BB0F1F921A05008460BA /* Build configuration list for PBXNativeTarget "WorldTrotter" */;
			buildPhases = (
				5F77BAE31F921A05008460BA /* Sources */,
				5F77BAE41F921A05008460BA /* Frameworks */,
				5F77BAE51F921A05008460BA /* Resources */,
			);
			buildRules = (
			);
			dependencies = (
			);
			name = WorldTrotter;
			productName = WorldTrotter;
			productReference = 5F77BAE71F921A05008460BA /* WorldTrotter.app */;
			productType = "com.apple.product-type.application";
		};
		5F77BAFA1F921A05008460BA /* WorldTrotterTests */ = {
			isa = PBXNativeTarget;
			buildConfigurationList = 5F77BB121F921A05008460BA /* Build configuration list for PBXNativeTarget "WorldTrotterTests" */;
			buildPhases = (
				5F77BAF71F921A05008460BA /* Sources */,
				5F77BAF81F921A05008460BA /* Frameworks */,
				5F77BAF91F921A05008460BA /* Resources */,
			);
			buildRules = (
			);
			dependencies = (
				5F77BAFD1F921A05008460BA /* PBXTargetDependency */,
			);
			name = WorldTrotterTests;
			productName = WorldTrotterTests;
			productReference = 5F77BAFB1F921A05008460BA /* WorldTrotterTests.xctest */;
			productType = "com.apple.product-type.bundle.unit-test";
		};
		5F77BB051F921A05008460BA /* WorldTrotterUITests */ = {
			isa = PBXNativeTarget;
			buildConfigurationList = 5F77BB151F921A05008460BA /* Build configuration list for PBXNativeTarget "WorldTrotterUITests" */;
			buildPhases = (
				5F77BB021F921A05008460BA /* Sources */,
				5F77BB031F921A05008460BA /* Frameworks */,
				5F77BB041F921A05008460BA /* Resources */,
			);
			buildRules = (
			);
			dependencies = (
				5F77BB081F921A05008460BA /* PBXTargetDependency */,
			);
			name = WorldTrotterUITests;
			productName = WorldTrotterUITests;
			productReference = 5F77BB061F921A05008460BA /* WorldTrotterUITests.xctest */;
			productType = "com.apple.product-type.bundle.ui-testing";
		};
/* End PBXNativeTarget section */

/* Begin PBXProject section */
		5F77BADF1F921A05008460BA /* Project object */ = {
			isa = PBXProject;
			attributes = {
				LastSwiftUpdateCheck = 0900;
				LastUpgradeCheck = 0900;
				ORGANIZATIONNAME = "Steve Harski";
				TargetAttributes = {
					5F77BAE61F921A05008460BA = {
						CreatedOnToolsVersion = 9.0;
						ProvisioningStyle = Automatic;
					};
					5F77BAFA1F921A05008460BA = {
						CreatedOnToolsVersion = 9.0;
						ProvisioningStyle = Automatic;
						TestTargetID = 5F77BAE61F921A05008460BA;
					};
					5F77BB051F921A05008460BA = {
						CreatedOnToolsVersion = 9.0;
						ProvisioningStyle = Automatic;
						TestTargetID = 5F77BAE61F921A05008460BA;
					};
				};
			};
			buildConfigurationList = 5F77BAE21F921A05008460BA /* Build configuration list for PBXProject "WorldTrotter" */;
			compatibilityVersion = "Xcode 8.0";
			developmentRegion = en;
			hasScannedForEncodings = 0;
			knownRegions = (
				en,
				Base,
			);
			mainGroup = 5F77BADE1F921A05008460BA;
			productRefGroup = 5F77BAE81F921A05008460BA /* Products */;
			projectDirPath = "";
			projectRoot = "";
			targets = (
				5F77BAE61F921A05008460BA /* WorldTrotter */,
				5F77BAFA1F921A05008460BA /* WorldTrotterTests */,
				5F77BB051F921A05008460BA /* WorldTrotterUITests */,
			);
		};
/* End PBXProject section */

/* Begin PBXResourcesBuildPhase section */
		5F77BAE51F921A05008460BA /* Resources */ = {
			isa = PBXResourcesBuildPhase;
			buildActionMask = 2147483647;
			files = (
				5F77BAF51F921A05008460BA /* LaunchScreen.storyboard in Resources */,
				5F77BAF21F921A05008460BA /* Assets.xcassets in Resources */,
				5F77BAF01F921A05008460BA /* Main.storyboard in Resources */,
			);
			runOnlyForDeploymentPostprocessing = 0;
		};
		5F77BAF91F921A05008460BA /* Resources */ = {
			isa = PBXResourcesBuildPhase;
			buildActionMask = 2147483647;
			files = (
			);
			runOnlyForDeploymentPostprocessing = 0;
		};
		5F77BB041F921A05008460BA /* Resources */ = {
			isa = PBXResourcesBuildPhase;
			buildActionMask = 2147483647;
			files = (
			);
			runOnlyForDeploymentPostprocessing = 0;
		};
/* End PBXResourcesBuildPhase section */

/* Begin PBXSourcesBuildPhase section */
		5F77BAE31F921A05008460BA /* Sources */ = {
			isa = PBXSourcesBuildPhase;
			buildActionMask = 2147483647;
			files = (
				257764921F97498500AD9C6D /* ConversionViewController.swift in Sources */,
				250A911E1F9886CA008C4839 /* MapViewController.swift in Sources */,
				5F77BAEB1F921A05008460BA /* AppDelegate.swift in Sources */,
				2577AEA01FA3167E00E3A555 /* WebViewController.swift in Sources */,
			);
			runOnlyForDeploymentPostprocessing = 0;
		};
		5F77BAF71F921A05008460BA /* Sources */ = {
			isa = PBXSourcesBuildPhase;
			buildActionMask = 2147483647;
			files = (
				5F77BB001F921A05008460BA /* WorldTrotterTests.swift in Sources */,
			);
			runOnlyForDeploymentPostprocessing = 0;
		};
		5F77BB021F921A05008460BA /* Sources */ = {
			isa = PBXSourcesBuildPhase;
			buildActionMask = 2147483647;
			files = (
				5F77BB0B1F921A05008460BA /* WorldTrotterUITests.swift in Sources */,
			);
			runOnlyForDeploymentPostprocessing = 0;
		};
/* End PBXSourcesBuildPhase section */

/* Begin PBXTargetDependency section */
		5F77BAFD1F921A05008460BA /* PBXTargetDependency */ = {
			isa = PBXTargetDependency;
			target = 5F77BAE61F921A05008460BA /* WorldTrotter */;
			targetProxy = 5F77BAFC1F921A05008460BA /* PBXContainerItemProxy */;
		};
		5F77BB081F921A05008460BA /* PBXTargetDependency */ = {
			isa = PBXTargetDependency;
			target = 5F77BAE61F921A05008460BA /* WorldTrotter */;
			targetProxy = 5F77BB071F921A05008460BA /* PBXContainerItemProxy */;
		};
/* End PBXTargetDependency section */

/* Begin PBXVariantGroup section */
		5F77BAEE1F921A05008460BA /* Main.storyboard */ = {
			isa = PBXVariantGroup;
			children = (
				5F77BAEF1F921A05008460BA /* Base */,
			);
			name = Main.storyboard;
			sourceTree = "<group>";
		};
		5F77BAF31F921A05008460BA /* LaunchScreen.storyboard */ = {
			isa = PBXVariantGroup;
			children = (
				5F77BAF41F921A05008460BA /* Base */,
			);
			name = LaunchScreen.storyboard;
			sourceTree = "<group>";
		};
/* End PBXVariantGroup section */

/* Begin XCBuildConfiguration section */
		5F77BB0D1F921A05008460BA /* Debug */ = {
			isa = XCBuildConfiguration;
			buildSettings = {
				ALWAYS_SEARCH_USER_PATHS = NO;
				CLANG_ANALYZER_NONNULL = YES;
				CLANG_ANALYZER_NUMBER_OBJECT_CONVERSION = YES_AGGRESSIVE;
				CLANG_CXX_LANGUAGE_STANDARD = "gnu++14";
				CLANG_CXX_LIBRARY = "libc++";
				CLANG_ENABLE_MODULES = YES;
				CLANG_ENABLE_OBJC_ARC = YES;
				CLANG_WARN_BLOCK_CAPTURE_AUTORELEASING = YES;
				CLANG_WARN_BOOL_CONVERSION = YES;
				CLANG_WARN_COMMA = YES;
				CLANG_WARN_CONSTANT_CONVERSION = YES;
				CLANG_WARN_DIRECT_OBJC_ISA_USAGE = YES_ERROR;
				CLANG_WARN_DOCUMENTATION_COMMENTS = YES;
				CLANG_WARN_EMPTY_BODY = YES;
				CLANG_WARN_ENUM_CONVERSION = YES;
				CLANG_WARN_INFINITE_RECURSION = YES;
				CLANG_WARN_INT_CONVERSION = YES;
				CLANG_WARN_NON_LITERAL_NULL_CONVERSION = YES;
				CLANG_WARN_OBJC_LITERAL_CONVERSION = YES;
				CLANG_WARN_OBJC_ROOT_CLASS = YES_ERROR;
				CLANG_WARN_RANGE_LOOP_ANALYSIS = YES;
				CLANG_WARN_STRICT_PROTOTYPES = YES;
				CLANG_WARN_SUSPICIOUS_MOVE = YES;
				CLANG_WARN_UNGUARDED_AVAILABILITY = YES_AGGRESSIVE;
				CLANG_WARN_UNREACHABLE_CODE = YES;
				CLANG_WARN__DUPLICATE_METHOD_MATCH = YES;
				CODE_SIGN_IDENTITY = "iPhone Developer";
				COPY_PHASE_STRIP = NO;
				DEBUG_INFORMATION_FORMAT = dwarf;
				ENABLE_STRICT_OBJC_MSGSEND = YES;
				ENABLE_TESTABILITY = YES;
				GCC_C_LANGUAGE_STANDARD = gnu11;
				GCC_DYNAMIC_NO_PIC = NO;
				GCC_NO_COMMON_BLOCKS = YES;
				GCC_OPTIMIZATION_LEVEL = 0;
				GCC_PREPROCESSOR_DEFINITIONS = (
					"DEBUG=1",
					"$(inherited)",
				);
				GCC_WARN_64_TO_32_BIT_CONVERSION = YES;
				GCC_WARN_ABOUT_RETURN_TYPE = YES_ERROR;
				GCC_WARN_UNDECLARED_SELECTOR = YES;
				GCC_WARN_UNINITIALIZED_AUTOS = YES_AGGRESSIVE;
				GCC_WARN_UNUSED_FUNCTION = YES;
				GCC_WARN_UNUSED_VARIABLE = YES;
				IPHONEOS_DEPLOYMENT_TARGET = 11.0;
				MTL_ENABLE_DEBUG_INFO = YES;
				ONLY_ACTIVE_ARCH = YES;
				SDKROOT = iphoneos;
				SWIFT_ACTIVE_COMPILATION_CONDITIONS = DEBUG;
				SWIFT_OPTIMIZATION_LEVEL = "-Onone";
			};
			name = Debug;
		};
		5F77BB0E1F921A05008460BA /* Release */ = {
			isa = XCBuildConfiguration;
			buildSettings = {
				ALWAYS_SEARCH_USER_PATHS = NO;
				CLANG_ANALYZER_NONNULL = YES;
				CLANG_ANALYZER_NUMBER_OBJECT_CONVERSION = YES_AGGRESSIVE;
				CLANG_CXX_LANGUAGE_STANDARD = "gnu++14";
				CLANG_CXX_LIBRARY = "libc++";
				CLANG_ENABLE_MODULES = YES;
				CLANG_ENABLE_OBJC_ARC = YES;
				CLANG_WARN_BLOCK_CAPTURE_AUTORELEASING = YES;
				CLANG_WARN_BOOL_CONVERSION = YES;
				CLANG_WARN_COMMA = YES;
				CLANG_WARN_CONSTANT_CONVERSION = YES;
				CLANG_WARN_DIRECT_OBJC_ISA_USAGE = YES_ERROR;
				CLANG_WARN_DOCUMENTATION_COMMENTS = YES;
				CLANG_WARN_EMPTY_BODY = YES;
				CLANG_WARN_ENUM_CONVERSION = YES;
				CLANG_WARN_INFINITE_RECURSION = YES;
				CLANG_WARN_INT_CONVERSION = YES;
				CLANG_WARN_NON_LITERAL_NULL_CONVERSION = YES;
				CLANG_WARN_OBJC_LITERAL_CONVERSION = YES;
				CLANG_WARN_OBJC_ROOT_CLASS = YES_ERROR;
				CLANG_WARN_RANGE_LOOP_ANALYSIS = YES;
				CLANG_WARN_STRICT_PROTOTYPES = YES;
				CLANG_WARN_SUSPICIOUS_MOVE = YES;
				CLANG_WARN_UNGUARDED_AVAILABILITY = YES_AGGRESSIVE;
				CLANG_WARN_UNREACHABLE_CODE = YES;
				CLANG_WARN__DUPLICATE_METHOD_MATCH = YES;
				CODE_SIGN_IDENTITY = "iPhone Developer";
				COPY_PHASE_STRIP = NO;
				DEBUG_INFORMATION_FORMAT = "dwarf-with-dsym";
				ENABLE_NS_ASSERTIONS = NO;
				ENABLE_STRICT_OBJC_MSGSEND = YES;
				GCC_C_LANGUAGE_STANDARD = gnu11;
				GCC_NO_COMMON_BLOCKS = YES;
				GCC_WARN_64_TO_32_BIT_CONVERSION = YES;
				GCC_WARN_ABOUT_RETURN_TYPE = YES_ERROR;
				GCC_WARN_UNDECLARED_SELECTOR = YES;
				GCC_WARN_UNINITIALIZED_AUTOS = YES_AGGRESSIVE;
				GCC_WARN_UNUSED_FUNCTION = YES;
				GCC_WARN_UNUSED_VARIABLE = YES;
				IPHONEOS_DEPLOYMENT_TARGET = 11.0;
				MTL_ENABLE_DEBUG_INFO = NO;
				SDKROOT = iphoneos;
				SWIFT_OPTIMIZATION_LEVEL = "-Owholemodule";
				VALIDATE_PRODUCT = YES;
			};
			name = Release;
		};
		5F77BB101F921A05008460BA /* Debug */ = {
			isa = XCBuildConfiguration;
			buildSettings = {
				ASSETCATALOG_COMPILER_APPICON_NAME = AppIcon;
				CODE_SIGN_STYLE = Automatic;
				INFOPLIST_FILE = WorldTrotter/Info.plist;
				LD_RUNPATH_SEARCH_PATHS = "$(inherited) @executable_path/Frameworks";
				PRODUCT_BUNDLE_IDENTIFIER = com.steveharski.WorldTrotter;
				PRODUCT_NAME = "$(TARGET_NAME)";
				SWIFT_VERSION = 4.0;
				TARGETED_DEVICE_FAMILY = "1,2";
			};
			name = Debug;
		};
		5F77BB111F921A05008460BA /* Release */ = {
			isa = XCBuildConfiguration;
			buildSettings = {
				ASSETCATALOG_COMPILER_APPICON_NAME = AppIcon;
				CODE_SIGN_STYLE = Automatic;
				INFOPLIST_FILE = WorldTrotter/Info.plist;
				LD_RUNPATH_SEARCH_PATHS = "$(inherited) @executable_path/Frameworks";
				PRODUCT_BUNDLE_IDENTIFIER = com.steveharski.WorldTrotter;
				PRODUCT_NAME = "$(TARGET_NAME)";
				SWIFT_VERSION = 4.0;
				TARGETED_DEVICE_FAMILY = "1,2";
			};
			name = Release;
		};
		5F77BB131F921A05008460BA /* Debug */ = {
			isa = XCBuildConfiguration;
			buildSettings = {
				ALWAYS_EMBED_SWIFT_STANDARD_LIBRARIES = YES;
				BUNDLE_LOADER = "$(TEST_HOST)";
				CODE_SIGN_STYLE = Automatic;
				INFOPLIST_FILE = WorldTrotterTests/Info.plist;
				LD_RUNPATH_SEARCH_PATHS = "$(inherited) @executable_path/Frameworks @loader_path/Frameworks";
				PRODUCT_BUNDLE_IDENTIFIER = com.steveharski.WorldTrotterTests;
				PRODUCT_NAME = "$(TARGET_NAME)";
				SWIFT_VERSION = 4.0;
				TARGETED_DEVICE_FAMILY = "1,2";
				TEST_HOST = "$(BUILT_PRODUCTS_DIR)/WorldTrotter.app/WorldTrotter";
			};
			name = Debug;
		};
		5F77BB141F921A05008460BA /* Release */ = {
			isa = XCBuildConfiguration;
			buildSettings = {
				ALWAYS_EMBED_SWIFT_STANDARD_LIBRARIES = YES;
				BUNDLE_LOADER = "$(TEST_HOST)";
				CODE_SIGN_STYLE = Automatic;
				INFOPLIST_FILE = WorldTrotterTests/Info.plist;
				LD_RUNPATH_SEARCH_PATHS = "$(inherited) @executable_path/Frameworks @loader_path/Frameworks";
				PRODUCT_BUNDLE_IDENTIFIER = com.steveharski.WorldTrotterTests;
				PRODUCT_NAME = "$(TARGET_NAME)";
				SWIFT_VERSION = 4.0;
				TARGETED_DEVICE_FAMILY = "1,2";
				TEST_HOST = "$(BUILT_PRODUCTS_DIR)/WorldTrotter.app/WorldTrotter";
			};
			name = Release;
		};
		5F77BB161F921A05008460BA /* Debug */ = {
			isa = XCBuildConfiguration;
			buildSettings = {
				ALWAYS_EMBED_SWIFT_STANDARD_LIBRARIES = YES;
				CODE_SIGN_STYLE = Automatic;
				INFOPLIST_FILE = WorldTrotterUITests/Info.plist;
				LD_RUNPATH_SEARCH_PATHS = "$(inherited) @executable_path/Frameworks @loader_path/Frameworks";
				PRODUCT_BUNDLE_IDENTIFIER = com.steveharski.WorldTrotterUITests;
				PRODUCT_NAME = "$(TARGET_NAME)";
				SWIFT_VERSION = 4.0;
				TARGETED_DEVICE_FAMILY = "1,2";
				TEST_TARGET_NAME = WorldTrotter;
			};
			name = Debug;
		};
		5F77BB171F921A05008460BA /* Release */ = {
			isa = XCBuildConfiguration;
			buildSettings = {
				ALWAYS_EMBED_SWIFT_STANDARD_LIBRARIES = YES;
				CODE_SIGN_STYLE = Automatic;
				INFOPLIST_FILE = WorldTrotterUITests/Info.plist;
				LD_RUNPATH_SEARCH_PATHS = "$(inherited) @executable_path/Frameworks @loader_path/Frameworks";
				PRODUCT_BUNDLE_IDENTIFIER = com.steveharski.WorldTrotterUITests;
				PRODUCT_NAME = "$(TARGET_NAME)";
				SWIFT_VERSION = 4.0;
				TARGETED_DEVICE_FAMILY = "1,2";
				TEST_TARGET_NAME = WorldTrotter;
			};
			name = Release;
		};
/* End XCBuildConfiguration section */

/* Begin XCConfigurationList section */
		5F77BAE21F921A05008460BA /* Build configuration list for PBXProject "WorldTrotter" */ = {
			isa = XCConfigurationList;
			buildConfigurations = (
				5F77BB0D1F921A05008460BA /* Debug */,
				5F77BB0E1F921A05008460BA /* Release */,
			);
			defaultConfigurationIsVisible = 0;
			defaultConfigurationName = Release;
		};
		5F77BB0F1F921A05008460BA /* Build configuration list for PBXNativeTarget "WorldTrotter" */ = {
			isa = XCConfigurationList;
			buildConfigurations = (
				5F77BB101F921A05008460BA /* Debug */,
				5F77BB111F921A05008460BA /* Release */,
			);
			defaultConfigurationIsVisible = 0;
			defaultConfigurationName = Release;
		};
		5F77BB121F921A05008460BA /* Build configuration list for PBXNativeTarget "WorldTrotterTests" */ = {
			isa = XCConfigurationList;
			buildConfigurations = (
				5F77BB131F921A05008460BA /* Debug */,
				5F77BB141F921A05008460BA /* Release */,
			);
			defaultConfigurationIsVisible = 0;
			defaultConfigurationName = Release;
		};
		5F77BB151F921A05008460BA /* Build configuration list for PBXNativeTarget "WorldTrotterUITests" */ = {
			isa = XCConfigurationList;
			buildConfigurations = (
				5F77BB161F921A05008460BA /* Debug */,
				5F77BB171F921A05008460BA /* Release */,
			);
			defaultConfigurationIsVisible = 0;
			defaultConfigurationName = Release;
		};
/* End XCConfigurationList section */
	};
	rootObject = 5F77BADF1F921A05008460BA /* Project object */;
}
